
Microsoft Visual Studio Solution File, Format Version 12.00
# Visual Studio Version 17
VisualStudioVersion = 17.4.33205.214
MinimumVisualStudioVersion = 10.0.40219.1
Project("{9A19103F-16F7-4668-BE54-9A1E7A4F7556}") = "KeyGen", "KeyGen\KeyGen.csproj", "{6A59940C-354C-46D6-ACAC-3695285280D7}"
EndProject
Project("{FAE04EC0-301F-11D3-BF4B-00C04F79EFBC}") = "Server", "Server\Server.csproj", "{91249921-8E35-42AE-908C-5157E017C579}"
EndProject
Global
	GlobalSection(SolutionConfigurationPlatforms) = preSolution
		Debug|Any CPU = Debug|Any CPU
		Release|Any CPU = Release|Any CPU
	EndGlobalSection
	GlobalSection(ProjectConfigurationPlatforms) = postSolution
		{6A59940C-354C-46D6-ACAC-3695285280D7}.Debug|Any CPU.ActiveCfg = Debug|Any CPU
		{6A59940C-354C-46D6-ACAC-3695285280D7}.Debug|Any CPU.Build.0 = Debug|Any CPU
		{6A59940C-354C-46D6-ACAC-3695285280D7}.Release|Any CPU.ActiveCfg = Release|Any CPU
		{6A59940C-354C-46D6-ACAC-3695285280D7}.Release|Any CPU.Build.0 = Release|Any CPU
		{91249921-8E35-42AE-908C-5157E017C579}.Debug|Any CPU.ActiveCfg = Debug|Any CPU
		{91249921-8E35-42AE-908C-5157E017C579}.Debug|Any CPU.Build.0 = Debug|Any CPU
		{91249921-8E35-42AE-908C-5157E017C579}.Release|Any CPU.ActiveCfg = Release|Any CPU
		{91249921-8E35-42AE-908C-5157E017C579}.Release|Any CPU.Build.0 = Release|Any CPU
	EndGlobalSection
	GlobalSection(SolutionProperties) = preSolution
		HideSolutionNode = FALSE
	EndGlobalSection
	GlobalSection(ExtensibilityGlobals) = postSolution
		SolutionGuid = {BA6AC337-CB9B-4CF4-837A-A346E7E91513}
	EndGlobalSection
EndGlobal
